{
  "object": {
    "pins": [
      {
        "package": "AutoLayoutHelper",
        "repositoryURL": "git@github.com:aysenurbakirci/AutoLayoutHelper.git",
        "state": {
          "branch": null,
          "revision": "7ef0ca5b4a3b0b02bd387a46a64294f17e8d7996",
          "version": null
        }
      },
      {
        "package": "LayoutKit",
        "repositoryURL": "git@github.com:aysenurbakirci/LayoutKit.git",
        "state": {
          "branch": null,
          "revision": "d7c5489fdc6d08a2cf8bdcd8de728136369d573b",
          "version": null
        }
      }
    ]
  },
  "version": 1
}
