{
  "object": {
    "pins": [
      {
        "package": "AutoLayoutHelper",
        "repositoryURL": "git@github.com:aysenurbakirci/AutoLayoutHelper.git",
        "state": {
          "branch": "main",
          "revision": "c1cf0d2c71b0b42be1a75c1bd4144a098c464c39",
          "version": null
        }
      },
      {
        "package": "LayoutKit",
        "repositoryURL": "git@github.com:aysenurbakirci/LayoutKit.git",
        "state": {
          "branch": null,
          "revision": "7efdca9f937925046188a25e9b40aea582a026fe",
          "version": null
        }
      }
    ]
  },
  "version": 1
}
