// !$*UTF8*$!
{
	archiveVersion = 1;
	classes = {
	};
	objectVersion = 55;
	objects = {

/* Begin PBXBuildFile section */
		377879CD27E3B8BF00AAFE3D /* OrderCell.swift in Sources */ = {isa = PBXBuildFile; fileRef = 377879CC27E3B8BF00AAFE3D /* OrderCell.swift */; };
		37DF4BCB27E374FF00E813BA /* FoodPoolWatch WatchKit App.app in Embed Watch Content */ = {isa = PBXBuildFile; fileRef = 37DF4BCA27E374FF00E813BA /* FoodPoolWatch WatchKit App.app */; settings = {ATTRIBUTES = (RemoveHeadersOnCopy, ); }; };
		37DF4BD127E374FF00E813BA /* Interface.storyboard in Resources */ = {isa = PBXBuildFile; fileRef = 37DF4BCF27E374FF00E813BA /* Interface.storyboard */; };
		37DF4BD327E3750100E813BA /* Assets.xcassets in Resources */ = {isa = PBXBuildFile; fileRef = 37DF4BD227E3750100E813BA /* Assets.xcassets */; };
		37DF4BD927E3750100E813BA /* FoodPoolWatch WatchKit Extension.appex in Embed App Extensions */ = {isa = PBXBuildFile; fileRef = 37DF4BD827E3750100E813BA /* FoodPoolWatch WatchKit Extension.appex */; settings = {ATTRIBUTES = (RemoveHeadersOnCopy, ); }; };
		37DF4BDE27E3750100E813BA /* InterfaceController.swift in Sources */ = {isa = PBXBuildFile; fileRef = 37DF4BDD27E3750100E813BA /* InterfaceController.swift */; };
		37DF4BE027E3750100E813BA /* ExtensionDelegate.swift in Sources */ = {isa = PBXBuildFile; fileRef = 37DF4BDF27E3750100E813BA /* ExtensionDelegate.swift */; };
		37DF4BE227E3750100E813BA /* NotificationController.swift in Sources */ = {isa = PBXBuildFile; fileRef = 37DF4BE127E3750100E813BA /* NotificationController.swift */; };
		37DF4BE427E3750100E813BA /* ComplicationController.swift in Sources */ = {isa = PBXBuildFile; fileRef = 37DF4BE327E3750100E813BA /* ComplicationController.swift */; };
		37DF4BE627E3750300E813BA /* Assets.xcassets in Resources */ = {isa = PBXBuildFile; fileRef = 37DF4BE527E3750300E813BA /* Assets.xcassets */; };
/* End PBXBuildFile section */

/* Begin PBXContainerItemProxy section */
		37DF4BCC27E374FF00E813BA /* PBXContainerItemProxy */ = {
			isa = PBXContainerItemProxy;
			containerPortal = 37DF4BC027E374FF00E813BA /* Project object */;
			proxyType = 1;
			remoteGlobalIDString = 37DF4BC927E374FF00E813BA;
			remoteInfo = "FoodPoolWatch WatchKit App";
		};
		37DF4BDA27E3750100E813BA /* PBXContainerItemProxy */ = {
			isa = PBXContainerItemProxy;
			containerPortal = 37DF4BC027E374FF00E813BA /* Project object */;
			proxyType = 1;
			remoteGlobalIDString = 37DF4BD727E3750100E813BA;
			remoteInfo = "FoodPoolWatch WatchKit Extension";
		};
/* End PBXContainerItemProxy section */

/* Begin PBXCopyFilesBuildPhase section */
		37DF4BEE27E3750300E813BA /* Embed App Extensions */ = {
			isa = PBXCopyFilesBuildPhase;
			buildActionMask = 2147483647;
			dstPath = "";
			dstSubfolderSpec = 13;
			files = (
				37DF4BD927E3750100E813BA /* FoodPoolWatch WatchKit Extension.appex in Embed App Extensions */,
			);
			name = "Embed App Extensions";
			runOnlyForDeploymentPostprocessing = 0;
		};
		37DF4BF227E3750300E813BA /* Embed Watch Content */ = {
			isa = PBXCopyFilesBuildPhase;
			buildActionMask = 2147483647;
			dstPath = "$(CONTENTS_FOLDER_PATH)/Watch";
			dstSubfolderSpec = 16;
			files = (
				37DF4BCB27E374FF00E813BA /* FoodPoolWatch WatchKit App.app in Embed Watch Content */,
			);
			name = "Embed Watch Content";
			runOnlyForDeploymentPostprocessing = 0;
		};
/* End PBXCopyFilesBuildPhase section */

/* Begin PBXFileReference section */
		377879CC27E3B8BF00AAFE3D /* OrderCell.swift */ = {isa = PBXFileReference; lastKnownFileType = sourcecode.swift; path = OrderCell.swift; sourceTree = "<group>"; };
		37DF4BC627E374FF00E813BA /* FoodPoolWatch.app */ = {isa = PBXFileReference; explicitFileType = wrapper.application; includeInIndex = 0; path = FoodPoolWatch.app; sourceTree = BUILT_PRODUCTS_DIR; };
		37DF4BCA27E374FF00E813BA /* FoodPoolWatch WatchKit App.app */ = {isa = PBXFileReference; explicitFileType = wrapper.application; includeInIndex = 0; path = "FoodPoolWatch WatchKit App.app"; sourceTree = BUILT_PRODUCTS_DIR; };
		37DF4BD027E374FF00E813BA /* Base */ = {isa = PBXFileReference; lastKnownFileType = file.storyboard; name = Base; path = Base.lproj/Interface.storyboard; sourceTree = "<group>"; };
		37DF4BD227E3750100E813BA /* Assets.xcassets */ = {isa = PBXFileReference; lastKnownFileType = folder.assetcatalog; path = Assets.xcassets; sourceTree = "<group>"; };
		37DF4BD827E3750100E813BA /* FoodPoolWatch WatchKit Extension.appex */ = {isa = PBXFileReference; explicitFileType = "wrapper.app-extension"; includeInIndex = 0; path = "FoodPoolWatch WatchKit Extension.appex"; sourceTree = BUILT_PRODUCTS_DIR; };
		37DF4BDD27E3750100E813BA /* InterfaceController.swift */ = {isa = PBXFileReference; lastKnownFileType = sourcecode.swift; path = InterfaceController.swift; sourceTree = "<group>"; };
		37DF4BDF27E3750100E813BA /* ExtensionDelegate.swift */ = {isa = PBXFileReference; lastKnownFileType = sourcecode.swift; path = ExtensionDelegate.swift; sourceTree = "<group>"; };
		37DF4BE127E3750100E813BA /* NotificationController.swift */ = {isa = PBXFileReference; lastKnownFileType = sourcecode.swift; path = NotificationController.swift; sourceTree = "<group>"; };
		37DF4BE327E3750100E813BA /* ComplicationController.swift */ = {isa = PBXFileReference; lastKnownFileType = sourcecode.swift; path = ComplicationController.swift; sourceTree = "<group>"; };
		37DF4BE527E3750300E813BA /* Assets.xcassets */ = {isa = PBXFileReference; lastKnownFileType = folder.assetcatalog; path = Assets.xcassets; sourceTree = "<group>"; };
		37DF4BE727E3750300E813BA /* Info.plist */ = {isa = PBXFileReference; lastKnownFileType = text.plist.xml; path = Info.plist; sourceTree = "<group>"; };
		37DF4BE827E3750300E813BA /* PushNotificationPayload.apns */ = {isa = PBXFileReference; lastKnownFileType = text; path = PushNotificationPayload.apns; sourceTree = "<group>"; };
/* End PBXFileReference section */

/* Begin PBXFrameworksBuildPhase section */
		37DF4BD527E3750100E813BA /* Frameworks */ = {
			isa = PBXFrameworksBuildPhase;
			buildActionMask = 2147483647;
			files = (
			);
			runOnlyForDeploymentPostprocessing = 0;
		};
/* End PBXFrameworksBuildPhase section */

/* Begin PBXGroup section */
		37DF4BBF27E374FF00E813BA = {
			isa = PBXGroup;
			children = (
				37DF4BCE27E374FF00E813BA /* FoodPoolWatch WatchKit App */,
				37DF4BDC27E3750100E813BA /* FoodPoolWatch WatchKit Extension */,
				37DF4BC727E374FF00E813BA /* Products */,
			);
			sourceTree = "<group>";
		};
		37DF4BC727E374FF00E813BA /* Products */ = {
			isa = PBXGroup;
			children = (
				37DF4BC627E374FF00E813BA /* FoodPoolWatch.app */,
				37DF4BCA27E374FF00E813BA /* FoodPoolWatch WatchKit App.app */,
				37DF4BD827E3750100E813BA /* FoodPoolWatch WatchKit Extension.appex */,
			);
			name = Products;
			sourceTree = "<group>";
		};
		37DF4BCE27E374FF00E813BA /* FoodPoolWatch WatchKit App */ = {
			isa = PBXGroup;
			children = (
				37DF4BCF27E374FF00E813BA /* Interface.storyboard */,
				37DF4BD227E3750100E813BA /* Assets.xcassets */,
			);
			path = "FoodPoolWatch WatchKit App";
			sourceTree = "<group>";
		};
		37DF4BDC27E3750100E813BA /* FoodPoolWatch WatchKit Extension */ = {
			isa = PBXGroup;
			children = (
				377879CC27E3B8BF00AAFE3D /* OrderCell.swift */,
				37DF4BDD27E3750100E813BA /* InterfaceController.swift */,
				37DF4BDF27E3750100E813BA /* ExtensionDelegate.swift */,
				37DF4BE127E3750100E813BA /* NotificationController.swift */,
				37DF4BE327E3750100E813BA /* ComplicationController.swift */,
				37DF4BE527E3750300E813BA /* Assets.xcassets */,
				37DF4BE727E3750300E813BA /* Info.plist */,
				37DF4BE827E3750300E813BA /* PushNotificationPayload.apns */,
			);
			path = "FoodPoolWatch WatchKit Extension";
			sourceTree = "<group>";
		};
/* End PBXGroup section */

/* Begin PBXNativeTarget section */
		37DF4BC527E374FF00E813BA /* FoodPoolWatch */ = {
			isa = PBXNativeTarget;
			buildConfigurationList = 37DF4BF327E3750300E813BA /* Build configuration list for PBXNativeTarget "FoodPoolWatch" */;
			buildPhases = (
				37DF4BC427E374FF00E813BA /* Resources */,
				37DF4BF227E3750300E813BA /* Embed Watch Content */,
			);
			buildRules = (
			);
			dependencies = (
				37DF4BCD27E374FF00E813BA /* PBXTargetDependency */,
			);
			name = FoodPoolWatch;
			productName = FoodPoolWatch;
			productReference = 37DF4BC627E374FF00E813BA /* FoodPoolWatch.app */;
			productType = "com.apple.product-type.application.watchapp2-container";
		};
		37DF4BC927E374FF00E813BA /* FoodPoolWatch WatchKit App */ = {
			isa = PBXNativeTarget;
			buildConfigurationList = 37DF4BEF27E3750300E813BA /* Build configuration list for PBXNativeTarget "FoodPoolWatch WatchKit App" */;
			buildPhases = (
				37DF4BC827E374FF00E813BA /* Resources */,
				37DF4BEE27E3750300E813BA /* Embed App Extensions */,
			);
			buildRules = (
			);
			dependencies = (
				37DF4BDB27E3750100E813BA /* PBXTargetDependency */,
			);
			name = "FoodPoolWatch WatchKit App";
			productName = "FoodPoolWatch WatchKit App";
			productReference = 37DF4BCA27E374FF00E813BA /* FoodPoolWatch WatchKit App.app */;
			productType = "com.apple.product-type.application.watchapp2";
		};
		37DF4BD727E3750100E813BA /* FoodPoolWatch WatchKit Extension */ = {
			isa = PBXNativeTarget;
			buildConfigurationList = 37DF4BEB27E3750300E813BA /* Build configuration list for PBXNativeTarget "FoodPoolWatch WatchKit Extension" */;
			buildPhases = (
				37DF4BD427E3750100E813BA /* Sources */,
				37DF4BD527E3750100E813BA /* Frameworks */,
				37DF4BD627E3750100E813BA /* Resources */,
			);
			buildRules = (
			);
			dependencies = (
			);
			name = "FoodPoolWatch WatchKit Extension";
			productName = "FoodPoolWatch WatchKit Extension";
			productReference = 37DF4BD827E3750100E813BA /* FoodPoolWatch WatchKit Extension.appex */;
			productType = "com.apple.product-type.watchkit2-extension";
		};
/* End PBXNativeTarget section */

/* Begin PBXProject section */
		37DF4BC027E374FF00E813BA /* Project object */ = {
			isa = PBXProject;
			attributes = {
				BuildIndependentTargetsInParallel = 1;
				LastSwiftUpdateCheck = 1320;
				LastUpgradeCheck = 1320;
				TargetAttributes = {
					37DF4BC527E374FF00E813BA = {
						CreatedOnToolsVersion = 13.2.1;
					};
					37DF4BC927E374FF00E813BA = {
						CreatedOnToolsVersion = 13.2.1;
					};
					37DF4BD727E3750100E813BA = {
						CreatedOnToolsVersion = 13.2.1;
					};
				};
			};
			buildConfigurationList = 37DF4BC327E374FF00E813BA /* Build configuration list for PBXProject "FoodPoolWatch" */;
			compatibilityVersion = "Xcode 13.0";
			developmentRegion = en;
			hasScannedForEncodings = 0;
			knownRegions = (
				en,
				Base,
			);
			mainGroup = 37DF4BBF27E374FF00E813BA;
			productRefGroup = 37DF4BC727E374FF00E813BA /* Products */;
			projectDirPath = "";
			projectRoot = "";
			targets = (
				37DF4BC527E374FF00E813BA /* FoodPoolWatch */,
				37DF4BC927E374FF00E813BA /* FoodPoolWatch WatchKit App */,
				37DF4BD727E3750100E813BA /* FoodPoolWatch WatchKit Extension */,
			);
		};
/* End PBXProject section */

/* Begin PBXResourcesBuildPhase section */
		37DF4BC427E374FF00E813BA /* Resources */ = {
			isa = PBXResourcesBuildPhase;
			buildActionMask = 2147483647;
			files = (
			);
			runOnlyForDeploymentPostprocessing = 0;
		};
		37DF4BC827E374FF00E813BA /* Resources */ = {
			isa = PBXResourcesBuildPhase;
			buildActionMask = 2147483647;
			files = (
				37DF4BD327E3750100E813BA /* Assets.xcassets in Resources */,
				37DF4BD127E374FF00E813BA /* Interface.storyboard in Resources */,
			);
			runOnlyForDeploymentPostprocessing = 0;
		};
		37DF4BD627E3750100E813BA /* Resources */ = {
			isa = PBXResourcesBuildPhase;
			buildActionMask = 2147483647;
			files = (
				37DF4BE627E3750300E813BA /* Assets.xcassets in Resources */,
			);
			runOnlyForDeploymentPostprocessing = 0;
		};
/* End PBXResourcesBuildPhase section */

/* Begin PBXSourcesBuildPhase section */
		37DF4BD427E3750100E813BA /* Sources */ = {
			isa = PBXSourcesBuildPhase;
			buildActionMask = 2147483647;
			files = (
				37DF4BE227E3750100E813BA /* NotificationController.swift in Sources */,
				37DF4BE427E3750100E813BA /* ComplicationController.swift in Sources */,
				377879CD27E3B8BF00AAFE3D /* OrderCell.swift in Sources */,
				37DF4BE027E3750100E813BA /* ExtensionDelegate.swift in Sources */,
				37DF4BDE27E3750100E813BA /* InterfaceController.swift in Sources */,
			);
			runOnlyForDeploymentPostprocessing = 0;
		};
/* End PBXSourcesBuildPhase section */

/* Begin PBXTargetDependency section */
		37DF4BCD27E374FF00E813BA /* PBXTargetDependency */ = {
			isa = PBXTargetDependency;
			target = 37DF4BC927E374FF00E813BA /* FoodPoolWatch WatchKit App */;
			targetProxy = 37DF4BCC27E374FF00E813BA /* PBXContainerItemProxy */;
		};
		37DF4BDB27E3750100E813BA /* PBXTargetDependency */ = {
			isa = PBXTargetDependency;
			target = 37DF4BD727E3750100E813BA /* FoodPoolWatch WatchKit Extension */;
			targetProxy = 37DF4BDA27E3750100E813BA /* PBXContainerItemProxy */;
		};
/* End PBXTargetDependency section */

/* Begin PBXVariantGroup section */
		37DF4BCF27E374FF00E813BA /* Interface.storyboard */ = {
			isa = PBXVariantGroup;
			children = (
				37DF4BD027E374FF00E813BA /* Base */,
			);
			name = Interface.storyboard;
			sourceTree = "<group>";
		};
/* End PBXVariantGroup section */

/* Begin XCBuildConfiguration section */
		37DF4BE927E3750300E813BA /* Debug */ = {
			isa = XCBuildConfiguration;
			buildSettings = {
				ALWAYS_SEARCH_USER_PATHS = NO;
				CLANG_ANALYZER_NONNULL = YES;
				CLANG_ANALYZER_NUMBER_OBJECT_CONVERSION = YES_AGGRESSIVE;
				CLANG_CXX_LANGUAGE_STANDARD = "gnu++17";
				CLANG_CXX_LIBRARY = "libc++";
				CLANG_ENABLE_MODULES = YES;
				CLANG_ENABLE_OBJC_ARC = YES;
				CLANG_ENABLE_OBJC_WEAK = YES;
				CLANG_WARN_BLOCK_CAPTURE_AUTORELEASING = YES;
				CLANG_WARN_BOOL_CONVERSION = YES;
				CLANG_WARN_COMMA = YES;
				CLANG_WARN_CONSTANT_CONVERSION = YES;
				CLANG_WARN_DEPRECATED_OBJC_IMPLEMENTATIONS = YES;
				CLANG_WARN_DIRECT_OBJC_ISA_USAGE = YES_ERROR;
				CLANG_WARN_DOCUMENTATION_COMMENTS = YES;
				CLANG_WARN_EMPTY_BODY = YES;
				CLANG_WARN_ENUM_CONVERSION = YES;
				CLANG_WARN_INFINITE_RECURSION = YES;
				CLANG_WARN_INT_CONVERSION = YES;
				CLANG_WARN_NON_LITERAL_NULL_CONVERSION = YES;
				CLANG_WARN_OBJC_IMPLICIT_RETAIN_SELF = YES;
				CLANG_WARN_OBJC_LITERAL_CONVERSION = YES;
				CLANG_WARN_OBJC_ROOT_CLASS = YES_ERROR;
				CLANG_WARN_QUOTED_INCLUDE_IN_FRAMEWORK_HEADER = YES;
				CLANG_WARN_RANGE_LOOP_ANALYSIS = YES;
				CLANG_WARN_STRICT_PROTOTYPES = YES;
				CLANG_WARN_SUSPICIOUS_MOVE = YES;
				CLANG_WARN_UNGUARDED_AVAILABILITY = YES_AGGRESSIVE;
				CLANG_WARN_UNREACHABLE_CODE = YES;
				CLANG_WARN__DUPLICATE_METHOD_MATCH = YES;
				COPY_PHASE_STRIP = NO;
				DEBUG_INFORMATION_FORMAT = dwarf;
				ENABLE_STRICT_OBJC_MSGSEND = YES;
				ENABLE_TESTABILITY = YES;
				GCC_C_LANGUAGE_STANDARD = gnu11;
				GCC_DYNAMIC_NO_PIC = NO;
				GCC_NO_COMMON_BLOCKS = YES;
				GCC_OPTIMIZATION_LEVEL = 0;
				GCC_PREPROCESSOR_DEFINITIONS = (
					"DEBUG=1",
					"$(inherited)",
				);
				GCC_WARN_64_TO_32_BIT_CONVERSION = YES;
				GCC_WARN_ABOUT_RETURN_TYPE = YES_ERROR;
				GCC_WARN_UNDECLARED_SELECTOR = YES;
				GCC_WARN_UNINITIALIZED_AUTOS = YES_AGGRESSIVE;
				GCC_WARN_UNUSED_FUNCTION = YES;
				GCC_WARN_UNUSED_VARIABLE = YES;
				MTL_ENABLE_DEBUG_INFO = INCLUDE_SOURCE;
				MTL_FAST_MATH = YES;
				ONLY_ACTIVE_ARCH = YES;
				SDKROOT = iphoneos;
				SWIFT_ACTIVE_COMPILATION_CONDITIONS = DEBUG;
				SWIFT_OPTIMIZATION_LEVEL = "-Onone";
			};
			name = Debug;
		};
		37DF4BEA27E3750300E813BA /* Release */ = {
			isa = XCBuildConfiguration;
			buildSettings = {
				ALWAYS_SEARCH_USER_PATHS = NO;
				CLANG_ANALYZER_NONNULL = YES;
				CLANG_ANALYZER_NUMBER_OBJECT_CONVERSION = YES_AGGRESSIVE;
				CLANG_CXX_LANGUAGE_STANDARD = "gnu++17";
				CLANG_CXX_LIBRARY = "libc++";
				CLANG_ENABLE_MODULES = YES;
				CLANG_ENABLE_OBJC_ARC = YES;
				CLANG_ENABLE_OBJC_WEAK = YES;
				CLANG_WARN_BLOCK_CAPTURE_AUTORELEASING = YES;
				CLANG_WARN_BOOL_CONVERSION = YES;
				CLANG_WARN_COMMA = YES;
				CLANG_WARN_CONSTANT_CONVERSION = YES;
				CLANG_WARN_DEPRECATED_OBJC_IMPLEMENTATIONS = YES;
				CLANG_WARN_DIRECT_OBJC_ISA_USAGE = YES_ERROR;
				CLANG_WARN_DOCUMENTATION_COMMENTS = YES;
				CLANG_WARN_EMPTY_BODY = YES;
				CLANG_WARN_ENUM_CONVERSION = YES;
				CLANG_WARN_INFINITE_RECURSION = YES;
				CLANG_WARN_INT_CONVERSION = YES;
				CLANG_WARN_NON_LITERAL_NULL_CONVERSION = YES;
				CLANG_WARN_OBJC_IMPLICIT_RETAIN_SELF = YES;
				CLANG_WARN_OBJC_LITERAL_CONVERSION = YES;
				CLANG_WARN_OBJC_ROOT_CLASS = YES_ERROR;
				CLANG_WARN_QUOTED_INCLUDE_IN_FRAMEWORK_HEADER = YES;
				CLANG_WARN_RANGE_LOOP_ANALYSIS = YES;
				CLANG_WARN_STRICT_PROTOTYPES = YES;
				CLANG_WARN_SUSPICIOUS_MOVE = YES;
				CLANG_WARN_UNGUARDED_AVAILABILITY = YES_AGGRESSIVE;
				CLANG_WARN_UNREACHABLE_CODE = YES;
				CLANG_WARN__DUPLICATE_METHOD_MATCH = YES;
				COPY_PHASE_STRIP = NO;
				DEBUG_INFORMATION_FORMAT = "dwarf-with-dsym";
				ENABLE_NS_ASSERTIONS = NO;
				ENABLE_STRICT_OBJC_MSGSEND = YES;
				GCC_C_LANGUAGE_STANDARD = gnu11;
				GCC_NO_COMMON_BLOCKS = YES;
				GCC_WARN_64_TO_32_BIT_CONVERSION = YES;
				GCC_WARN_ABOUT_RETURN_TYPE = YES_ERROR;
				GCC_WARN_UNDECLARED_SELECTOR = YES;
				GCC_WARN_UNINITIALIZED_AUTOS = YES_AGGRESSIVE;
				GCC_WARN_UNUSED_FUNCTION = YES;
				GCC_WARN_UNUSED_VARIABLE = YES;
				MTL_ENABLE_DEBUG_INFO = NO;
				MTL_FAST_MATH = YES;
				SDKROOT = iphoneos;
				SWIFT_COMPILATION_MODE = wholemodule;
				SWIFT_OPTIMIZATION_LEVEL = "-O";
				VALIDATE_PRODUCT = YES;
			};
			name = Release;
		};
		37DF4BEC27E3750300E813BA /* Debug */ = {
			isa = XCBuildConfiguration;
			buildSettings = {
				ASSETCATALOG_COMPILER_COMPLICATION_NAME = Complication;
				CODE_SIGN_STYLE = Automatic;
				CURRENT_PROJECT_VERSION = 1;
				DEVELOPMENT_TEAM = FLUF4SMKRR;
				GENERATE_INFOPLIST_FILE = YES;
				INFOPLIST_FILE = "FoodPoolWatch WatchKit Extension/Info.plist";
				INFOPLIST_KEY_CFBundleDisplayName = "FoodPoolWatch WatchKit Extension";
				INFOPLIST_KEY_CLKComplicationPrincipalClass = "$(PRODUCT_MODULE_NAME).ComplicationController";
				INFOPLIST_KEY_NSHumanReadableCopyright = "";
				INFOPLIST_KEY_WKExtensionDelegateClassName = "$(PRODUCT_MODULE_NAME).ExtensionDelegate";
				INFOPLIST_KEY_WKWatchOnly = YES;
				LD_RUNPATH_SEARCH_PATHS = (
					"$(inherited)",
					"@executable_path/Frameworks",
					"@executable_path/../../Frameworks",
				);
				MARKETING_VERSION = 1.0;
				PRODUCT_BUNDLE_IDENTIFIER = com.aysenurbakirci.FoodPoolWatch.watchkitapp.watchkitextension;
				PRODUCT_NAME = "${TARGET_NAME}";
				SDKROOT = watchos;
				SKIP_INSTALL = YES;
				SWIFT_EMIT_LOC_STRINGS = YES;
				SWIFT_VERSION = 5.0;
				TARGETED_DEVICE_FAMILY = 4;
				WATCHOS_DEPLOYMENT_TARGET = 8.3;
			};
			name = Debug;
		};
		37DF4BED27E3750300E813BA /* Release */ = {
			isa = XCBuildConfiguration;
			buildSettings = {
				ASSETCATALOG_COMPILER_COMPLICATION_NAME = Complication;
				CODE_SIGN_STYLE = Automatic;
				CURRENT_PROJECT_VERSION = 1;
				DEVELOPMENT_TEAM = FLUF4SMKRR;
				GENERATE_INFOPLIST_FILE = YES;
				INFOPLIST_FILE = "FoodPoolWatch WatchKit Extension/Info.plist";
				INFOPLIST_KEY_CFBundleDisplayName = "FoodPoolWatch WatchKit Extension";
				INFOPLIST_KEY_CLKComplicationPrincipalClass = "$(PRODUCT_MODULE_NAME).ComplicationController";
				INFOPLIST_KEY_NSHumanReadableCopyright = "";
				INFOPLIST_KEY_WKExtensionDelegateClassName = "$(PRODUCT_MODULE_NAME).ExtensionDelegate";
				INFOPLIST_KEY_WKWatchOnly = YES;
				LD_RUNPATH_SEARCH_PATHS = (
					"$(inherited)",
					"@executable_path/Frameworks",
					"@executable_path/../../Frameworks",
				);
				MARKETING_VERSION = 1.0;
				PRODUCT_BUNDLE_IDENTIFIER = com.aysenurbakirci.FoodPoolWatch.watchkitapp.watchkitextension;
				PRODUCT_NAME = "${TARGET_NAME}";
				SDKROOT = watchos;
				SKIP_INSTALL = YES;
				SWIFT_EMIT_LOC_STRINGS = YES;
				SWIFT_VERSION = 5.0;
				TARGETED_DEVICE_FAMILY = 4;
				WATCHOS_DEPLOYMENT_TARGET = 8.3;
			};
			name = Release;
		};
		37DF4BF027E3750300E813BA /* Debug */ = {
			isa = XCBuildConfiguration;
			buildSettings = {
				ALWAYS_EMBED_SWIFT_STANDARD_LIBRARIES = YES;
				ASSETCATALOG_COMPILER_APPICON_NAME = AppIcon;
				ASSETCATALOG_COMPILER_GLOBAL_ACCENT_COLOR_NAME = AccentColor;
				CODE_SIGN_STYLE = Automatic;
				CURRENT_PROJECT_VERSION = 1;
				DEVELOPMENT_TEAM = FLUF4SMKRR;
				GENERATE_INFOPLIST_FILE = YES;
				IBSC_MODULE = FoodPoolWatch_WatchKit_Extension;
				INFOPLIST_KEY_CFBundleDisplayName = "FoodPoolWatch WatchKit App";
				INFOPLIST_KEY_UISupportedInterfaceOrientations = "UIInterfaceOrientationPortrait UIInterfaceOrientationPortraitUpsideDown";
				MARKETING_VERSION = 1.0;
				PRODUCT_BUNDLE_IDENTIFIER = com.aysenurbakirci.FoodPoolWatch.watchkitapp;
				PRODUCT_NAME = "$(TARGET_NAME)";
				SDKROOT = watchos;
				SKIP_INSTALL = YES;
				SWIFT_EMIT_LOC_STRINGS = YES;
				SWIFT_VERSION = 5.0;
				TARGETED_DEVICE_FAMILY = 4;
				WATCHOS_DEPLOYMENT_TARGET = 8.3;
			};
			name = Debug;
		};
		37DF4BF127E3750300E813BA /* Release */ = {
			isa = XCBuildConfiguration;
			buildSettings = {
				ALWAYS_EMBED_SWIFT_STANDARD_LIBRARIES = YES;
				ASSETCATALOG_COMPILER_APPICON_NAME = AppIcon;
				ASSETCATALOG_COMPILER_GLOBAL_ACCENT_COLOR_NAME = AccentColor;
				CODE_SIGN_STYLE = Automatic;
				CURRENT_PROJECT_VERSION = 1;
				DEVELOPMENT_TEAM = FLUF4SMKRR;
				GENERATE_INFOPLIST_FILE = YES;
				IBSC_MODULE = FoodPoolWatch_WatchKit_Extension;
				INFOPLIST_KEY_CFBundleDisplayName = "FoodPoolWatch WatchKit App";
				INFOPLIST_KEY_UISupportedInterfaceOrientations = "UIInterfaceOrientationPortrait UIInterfaceOrientationPortraitUpsideDown";
				MARKETING_VERSION = 1.0;
				PRODUCT_BUNDLE_IDENTIFIER = com.aysenurbakirci.FoodPoolWatch.watchkitapp;
				PRODUCT_NAME = "$(TARGET_NAME)";
				SDKROOT = watchos;
				SKIP_INSTALL = YES;
				SWIFT_EMIT_LOC_STRINGS = YES;
				SWIFT_VERSION = 5.0;
				TARGETED_DEVICE_FAMILY = 4;
				WATCHOS_DEPLOYMENT_TARGET = 8.3;
			};
			name = Release;
		};
		37DF4BF427E3750300E813BA /* Debug */ = {
			isa = XCBuildConfiguration;
			buildSettings = {
				CODE_SIGN_STYLE = Automatic;
				CURRENT_PROJECT_VERSION = 1;
				DEVELOPMENT_TEAM = FLUF4SMKRR;
				MARKETING_VERSION = 1.0;
				PRODUCT_BUNDLE_IDENTIFIER = com.aysenurbakirci.FoodPoolWatch;
				PRODUCT_NAME = "$(TARGET_NAME)";
				SWIFT_VERSION = 5.0;
			};
			name = Debug;
		};
		37DF4BF527E3750300E813BA /* Release */ = {
			isa = XCBuildConfiguration;
			buildSettings = {
				CODE_SIGN_STYLE = Automatic;
				CURRENT_PROJECT_VERSION = 1;
				DEVELOPMENT_TEAM = FLUF4SMKRR;
				MARKETING_VERSION = 1.0;
				PRODUCT_BUNDLE_IDENTIFIER = com.aysenurbakirci.FoodPoolWatch;
				PRODUCT_NAME = "$(TARGET_NAME)";
				SWIFT_VERSION = 5.0;
			};
			name = Release;
		};
/* End XCBuildConfiguration section */

/* Begin XCConfigurationList section */
		37DF4BC327E374FF00E813BA /* Build configuration list for PBXProject "FoodPoolWatch" */ = {
			isa = XCConfigurationList;
			buildConfigurations = (
				37DF4BE927E3750300E813BA /* Debug */,
				37DF4BEA27E3750300E813BA /* Release */,
			);
			defaultConfigurationIsVisible = 0;
			defaultConfigurationName = Release;
		};
		37DF4BEB27E3750300E813BA /* Build configuration list for PBXNativeTarget "FoodPoolWatch WatchKit Extension" */ = {
			isa = XCConfigurationList;
			buildConfigurations = (
				37DF4BEC27E3750300E813BA /* Debug */,
				37DF4BED27E3750300E813BA /* Release */,
			);
			defaultConfigurationIsVisible = 0;
			defaultConfigurationName = Release;
		};
		37DF4BEF27E3750300E813BA /* Build configuration list for PBXNativeTarget "FoodPoolWatch WatchKit App" */ = {
			isa = XCConfigurationList;
			buildConfigurations = (
				37DF4BF027E3750300E813BA /* Debug */,
				37DF4BF127E3750300E813BA /* Release */,
			);
			defaultConfigurationIsVisible = 0;
			defaultConfigurationName = Release;
		};
		37DF4BF327E3750300E813BA /* Build configuration list for PBXNativeTarget "FoodPoolWatch" */ = {
			isa = XCConfigurationList;
			buildConfigurations = (
				37DF4BF427E3750300E813BA /* Debug */,
				37DF4BF527E3750300E813BA /* Release */,
			);
			defaultConfigurationIsVisible = 0;
			defaultConfigurationName = Release;
		};
/* End XCConfigurationList section */
	};
	rootObject = 37DF4BC027E374FF00E813BA /* Project object */;
}
