// !$*UTF8*$!
{
	archiveVersion = 1;
	classes = {
	};
	objectVersion = 55;
	objects = {

/* Begin PBXBuildFile section */
		246D56D727CF5BC0003331EE /* AutoLayoutHelper in Frameworks */ = {isa = PBXBuildFile; productRef = 246D56D627CF5BC0003331EE /* AutoLayoutHelper */; };
		2498C79B27D76F830014D9FD /* MealView.swift in Sources */ = {isa = PBXBuildFile; fileRef = 2498C79A27D76F830014D9FD /* MealView.swift */; };
		2498C79D27D76FC70014D9FD /* StepperView.swift in Sources */ = {isa = PBXBuildFile; fileRef = 2498C79C27D76FC70014D9FD /* StepperView.swift */; };
		2498C7B027D7E1290014D9FD /* LayoutKit in Frameworks */ = {isa = PBXBuildFile; productRef = 2498C7AF27D7E1290014D9FD /* LayoutKit */; };
		24A3AFA427D5028000F3AFDE /* Button.swift in Sources */ = {isa = PBXBuildFile; fileRef = 24A3AFA327D5028000F3AFDE /* Button.swift */; };
		24A3AFA627D5029100F3AFDE /* ButtonAppearance.swift in Sources */ = {isa = PBXBuildFile; fileRef = 24A3AFA527D5029100F3AFDE /* ButtonAppearance.swift */; };
		24A3AFA827D5029C00F3AFDE /* ButtonType.swift in Sources */ = {isa = PBXBuildFile; fileRef = 24A3AFA727D5029C00F3AFDE /* ButtonType.swift */; };
		24A3AFBD27D6110800F3AFDE /* RestaurantView.swift in Sources */ = {isa = PBXBuildFile; fileRef = 24A3AFBC27D6110800F3AFDE /* RestaurantView.swift */; };
		24A3AFBF27D61E9E00F3AFDE /* CategoryView.swift in Sources */ = {isa = PBXBuildFile; fileRef = 24A3AFBE27D61E9E00F3AFDE /* CategoryView.swift */; };
		24B0546127D87F8400F672B6 /* TabBarAppearance.swift in Sources */ = {isa = PBXBuildFile; fileRef = 24B0546027D87F8400F672B6 /* TabBarAppearance.swift */; };
		371FA1E427C8F504009BFAD3 /* FoodPoolKit.docc in Sources */ = {isa = PBXBuildFile; fileRef = 371FA1E327C8F504009BFAD3 /* FoodPoolKit.docc */; };
		371FA1E527C8F504009BFAD3 /* FoodPoolKit.h in Headers */ = {isa = PBXBuildFile; fileRef = 371FA1E227C8F504009BFAD3 /* FoodPoolKit.h */; settings = {ATTRIBUTES = (Public, ); }; };
		371FA1F227C8F519009BFAD3 /* ProfileView.swift in Sources */ = {isa = PBXBuildFile; fileRef = 371FA1F127C8F519009BFAD3 /* ProfileView.swift */; };
		371FA1F427C8F523009BFAD3 /* WalletView.swift in Sources */ = {isa = PBXBuildFile; fileRef = 371FA1F327C8F522009BFAD3 /* WalletView.swift */; };
		371FA1F627C8F531009BFAD3 /* AddressView.swift in Sources */ = {isa = PBXBuildFile; fileRef = 371FA1F527C8F531009BFAD3 /* AddressView.swift */; };
		371FA20427C8FCF1009BFAD3 /* UIColor.swift in Sources */ = {isa = PBXBuildFile; fileRef = 371FA20327C8FCF1009BFAD3 /* UIColor.swift */; };
		371FA20627C8FCF8009BFAD3 /* UIFont.swift in Sources */ = {isa = PBXBuildFile; fileRef = 371FA20527C8FCF8009BFAD3 /* UIFont.swift */; };
		371FA20827C8FD05009BFAD3 /* UIImage.swift in Sources */ = {isa = PBXBuildFile; fileRef = 371FA20727C8FD05009BFAD3 /* UIImage.swift */; };
		37954B9D27CCBF5E0042ECC4 /* OnBoardingView.swift in Sources */ = {isa = PBXBuildFile; fileRef = 37954B9C27CCBF5E0042ECC4 /* OnBoardingView.swift */; };
/* End PBXBuildFile section */

/* Begin PBXFileReference section */
		2498C79A27D76F830014D9FD /* MealView.swift */ = {isa = PBXFileReference; lastKnownFileType = sourcecode.swift; path = MealView.swift; sourceTree = "<group>"; };
		2498C79C27D76FC70014D9FD /* StepperView.swift */ = {isa = PBXFileReference; lastKnownFileType = sourcecode.swift; path = StepperView.swift; sourceTree = "<group>"; };
		24A3AFA327D5028000F3AFDE /* Button.swift */ = {isa = PBXFileReference; lastKnownFileType = sourcecode.swift; path = Button.swift; sourceTree = "<group>"; };
		24A3AFA527D5029100F3AFDE /* ButtonAppearance.swift */ = {isa = PBXFileReference; lastKnownFileType = sourcecode.swift; path = ButtonAppearance.swift; sourceTree = "<group>"; };
		24A3AFA727D5029C00F3AFDE /* ButtonType.swift */ = {isa = PBXFileReference; lastKnownFileType = sourcecode.swift; path = ButtonType.swift; sourceTree = "<group>"; };
		24A3AFBC27D6110800F3AFDE /* RestaurantView.swift */ = {isa = PBXFileReference; lastKnownFileType = sourcecode.swift; path = RestaurantView.swift; sourceTree = "<group>"; };
		24A3AFBE27D61E9E00F3AFDE /* CategoryView.swift */ = {isa = PBXFileReference; lastKnownFileType = sourcecode.swift; path = CategoryView.swift; sourceTree = "<group>"; };
		24B0546027D87F8400F672B6 /* TabBarAppearance.swift */ = {isa = PBXFileReference; lastKnownFileType = sourcecode.swift; path = TabBarAppearance.swift; sourceTree = "<group>"; };
		371FA1DF27C8F504009BFAD3 /* FoodPoolKit.framework */ = {isa = PBXFileReference; explicitFileType = wrapper.framework; includeInIndex = 0; path = FoodPoolKit.framework; sourceTree = BUILT_PRODUCTS_DIR; };
		371FA1E227C8F504009BFAD3 /* FoodPoolKit.h */ = {isa = PBXFileReference; lastKnownFileType = sourcecode.c.h; path = FoodPoolKit.h; sourceTree = "<group>"; };
		371FA1E327C8F504009BFAD3 /* FoodPoolKit.docc */ = {isa = PBXFileReference; lastKnownFileType = folder.documentationcatalog; path = FoodPoolKit.docc; sourceTree = "<group>"; };
		371FA1F127C8F519009BFAD3 /* ProfileView.swift */ = {isa = PBXFileReference; lastKnownFileType = sourcecode.swift; path = ProfileView.swift; sourceTree = "<group>"; };
		371FA1F327C8F522009BFAD3 /* WalletView.swift */ = {isa = PBXFileReference; lastKnownFileType = sourcecode.swift; path = WalletView.swift; sourceTree = "<group>"; };
		371FA1F527C8F531009BFAD3 /* AddressView.swift */ = {isa = PBXFileReference; lastKnownFileType = sourcecode.swift; path = AddressView.swift; sourceTree = "<group>"; };
		371FA20327C8FCF1009BFAD3 /* UIColor.swift */ = {isa = PBXFileReference; lastKnownFileType = sourcecode.swift; path = UIColor.swift; sourceTree = "<group>"; };
		371FA20527C8FCF8009BFAD3 /* UIFont.swift */ = {isa = PBXFileReference; lastKnownFileType = sourcecode.swift; path = UIFont.swift; sourceTree = "<group>"; };
		371FA20727C8FD05009BFAD3 /* UIImage.swift */ = {isa = PBXFileReference; lastKnownFileType = sourcecode.swift; path = UIImage.swift; sourceTree = "<group>"; };
		37954B9C27CCBF5E0042ECC4 /* OnBoardingView.swift */ = {isa = PBXFileReference; lastKnownFileType = sourcecode.swift; path = OnBoardingView.swift; sourceTree = "<group>"; };
/* End PBXFileReference section */

/* Begin PBXFrameworksBuildPhase section */
		371FA1DC27C8F504009BFAD3 /* Frameworks */ = {
			isa = PBXFrameworksBuildPhase;
			buildActionMask = 2147483647;
			files = (
				246D56D727CF5BC0003331EE /* AutoLayoutHelper in Frameworks */,
				2498C7B027D7E1290014D9FD /* LayoutKit in Frameworks */,
			);
			runOnlyForDeploymentPostprocessing = 0;
		};
/* End PBXFrameworksBuildPhase section */

/* Begin PBXGroup section */
		24A3AFA227D5004C00F3AFDE /* Button */ = {
			isa = PBXGroup;
			children = (
				24A3AFA327D5028000F3AFDE /* Button.swift */,
				24A3AFA527D5029100F3AFDE /* ButtonAppearance.swift */,
				24A3AFA727D5029C00F3AFDE /* ButtonType.swift */,
			);
			path = Button;
			sourceTree = "<group>";
		};
		371FA1D527C8F504009BFAD3 = {
			isa = PBXGroup;
			children = (
				371FA20227C8FCE6009BFAD3 /* Helpers */,
				371FA20127C8FCD4009BFAD3 /* Components */,
				371FA1E127C8F504009BFAD3 /* FoodPoolKit */,
				371FA1E027C8F504009BFAD3 /* Products */,
			);
			sourceTree = "<group>";
		};
		371FA1E027C8F504009BFAD3 /* Products */ = {
			isa = PBXGroup;
			children = (
				371FA1DF27C8F504009BFAD3 /* FoodPoolKit.framework */,
			);
			name = Products;
			sourceTree = "<group>";
		};
		371FA1E127C8F504009BFAD3 /* FoodPoolKit */ = {
			isa = PBXGroup;
			children = (
				371FA1E227C8F504009BFAD3 /* FoodPoolKit.h */,
				371FA1E327C8F504009BFAD3 /* FoodPoolKit.docc */,
			);
			path = FoodPoolKit;
			sourceTree = "<group>";
		};
		371FA20127C8FCD4009BFAD3 /* Components */ = {
			isa = PBXGroup;
			children = (
				24A3AFA227D5004C00F3AFDE /* Button */,
				24A3AFBC27D6110800F3AFDE /* RestaurantView.swift */,
				371FA1F527C8F531009BFAD3 /* AddressView.swift */,
				371FA1F327C8F522009BFAD3 /* WalletView.swift */,
				371FA1F127C8F519009BFAD3 /* ProfileView.swift */,
				37954B9C27CCBF5E0042ECC4 /* OnBoardingView.swift */,
				24A3AFBE27D61E9E00F3AFDE /* CategoryView.swift */,
				2498C79A27D76F830014D9FD /* MealView.swift */,
				2498C79C27D76FC70014D9FD /* StepperView.swift */,
				24B0546027D87F8400F672B6 /* TabBarAppearance.swift */,
			);
			path = Components;
			sourceTree = "<group>";
		};
		371FA20227C8FCE6009BFAD3 /* Helpers */ = {
			isa = PBXGroup;
			children = (
				371FA20327C8FCF1009BFAD3 /* UIColor.swift */,
				371FA20527C8FCF8009BFAD3 /* UIFont.swift */,
				371FA20727C8FD05009BFAD3 /* UIImage.swift */,
			);
			path = Helpers;
			sourceTree = "<group>";
		};
/* End PBXGroup section */

/* Begin PBXHeadersBuildPhase section */
		371FA1DA27C8F504009BFAD3 /* Headers */ = {
			isa = PBXHeadersBuildPhase;
			buildActionMask = 2147483647;
			files = (
				371FA1E527C8F504009BFAD3 /* FoodPoolKit.h in Headers */,
			);
			runOnlyForDeploymentPostprocessing = 0;
		};
/* End PBXHeadersBuildPhase section */

/* Begin PBXNativeTarget section */
		371FA1DE27C8F504009BFAD3 /* FoodPoolKit */ = {
			isa = PBXNativeTarget;
			buildConfigurationList = 371FA1E827C8F504009BFAD3 /* Build configuration list for PBXNativeTarget "FoodPoolKit" */;
			buildPhases = (
				371FA1DA27C8F504009BFAD3 /* Headers */,
				371FA1DB27C8F504009BFAD3 /* Sources */,
				371FA1DC27C8F504009BFAD3 /* Frameworks */,
				371FA1DD27C8F504009BFAD3 /* Resources */,
			);
			buildRules = (
			);
			dependencies = (
			);
			name = FoodPoolKit;
			packageProductDependencies = (
				246D56D627CF5BC0003331EE /* AutoLayoutHelper */,
				2498C7AF27D7E1290014D9FD /* LayoutKit */,
			);
			productName = FoodPoolKit;
			productReference = 371FA1DF27C8F504009BFAD3 /* FoodPoolKit.framework */;
			productType = "com.apple.product-type.framework";
		};
/* End PBXNativeTarget section */

/* Begin PBXProject section */
		371FA1D627C8F504009BFAD3 /* Project object */ = {
			isa = PBXProject;
			attributes = {
				BuildIndependentTargetsInParallel = 1;
				LastUpgradeCheck = 1310;
				TargetAttributes = {
					371FA1DE27C8F504009BFAD3 = {
						CreatedOnToolsVersion = 13.1;
					};
				};
			};
			buildConfigurationList = 371FA1D927C8F504009BFAD3 /* Build configuration list for PBXProject "FoodPoolKit" */;
			compatibilityVersion = "Xcode 13.0";
			developmentRegion = en;
			hasScannedForEncodings = 0;
			knownRegions = (
				en,
				Base,
			);
			mainGroup = 371FA1D527C8F504009BFAD3;
			packageReferences = (
				246D56D527CF5BC0003331EE /* XCRemoteSwiftPackageReference "AutoLayoutHelper" */,
				2498C7AE27D7E1290014D9FD /* XCRemoteSwiftPackageReference "LayoutKit" */,
			);
			productRefGroup = 371FA1E027C8F504009BFAD3 /* Products */;
			projectDirPath = "";
			projectRoot = "";
			targets = (
				371FA1DE27C8F504009BFAD3 /* FoodPoolKit */,
			);
		};
/* End PBXProject section */

/* Begin PBXResourcesBuildPhase section */
		371FA1DD27C8F504009BFAD3 /* Resources */ = {
			isa = PBXResourcesBuildPhase;
			buildActionMask = 2147483647;
			files = (
			);
			runOnlyForDeploymentPostprocessing = 0;
		};
/* End PBXResourcesBuildPhase section */

/* Begin PBXSourcesBuildPhase section */
		371FA1DB27C8F504009BFAD3 /* Sources */ = {
			isa = PBXSourcesBuildPhase;
			buildActionMask = 2147483647;
			files = (
				371FA20827C8FD05009BFAD3 /* UIImage.swift in Sources */,
				371FA1F227C8F519009BFAD3 /* ProfileView.swift in Sources */,
				24B0546127D87F8400F672B6 /* TabBarAppearance.swift in Sources */,
				24A3AFA827D5029C00F3AFDE /* ButtonType.swift in Sources */,
				371FA1F627C8F531009BFAD3 /* AddressView.swift in Sources */,
				371FA20627C8FCF8009BFAD3 /* UIFont.swift in Sources */,
				24A3AFBF27D61E9E00F3AFDE /* CategoryView.swift in Sources */,
				371FA1E427C8F504009BFAD3 /* FoodPoolKit.docc in Sources */,
				37954B9D27CCBF5E0042ECC4 /* OnBoardingView.swift in Sources */,
				371FA1F427C8F523009BFAD3 /* WalletView.swift in Sources */,
				2498C79D27D76FC70014D9FD /* StepperView.swift in Sources */,
				24A3AFA427D5028000F3AFDE /* Button.swift in Sources */,
				371FA20427C8FCF1009BFAD3 /* UIColor.swift in Sources */,
				24A3AFA627D5029100F3AFDE /* ButtonAppearance.swift in Sources */,
				24A3AFBD27D6110800F3AFDE /* RestaurantView.swift in Sources */,
				2498C79B27D76F830014D9FD /* MealView.swift in Sources */,
			);
			runOnlyForDeploymentPostprocessing = 0;
		};
/* End PBXSourcesBuildPhase section */

/* Begin XCBuildConfiguration section */
		371FA1E627C8F504009BFAD3 /* Debug */ = {
			isa = XCBuildConfiguration;
			buildSettings = {
				ALWAYS_SEARCH_USER_PATHS = NO;
				CLANG_ANALYZER_NONNULL = YES;
				CLANG_ANALYZER_NUMBER_OBJECT_CONVERSION = YES_AGGRESSIVE;
				CLANG_CXX_LANGUAGE_STANDARD = "gnu++17";
				CLANG_CXX_LIBRARY = "libc++";
				CLANG_ENABLE_MODULES = YES;
				CLANG_ENABLE_OBJC_ARC = YES;
				CLANG_ENABLE_OBJC_WEAK = YES;
				CLANG_WARN_BLOCK_CAPTURE_AUTORELEASING = YES;
				CLANG_WARN_BOOL_CONVERSION = YES;
				CLANG_WARN_COMMA = YES;
				CLANG_WARN_CONSTANT_CONVERSION = YES;
				CLANG_WARN_DEPRECATED_OBJC_IMPLEMENTATIONS = YES;
				CLANG_WARN_DIRECT_OBJC_ISA_USAGE = YES_ERROR;
				CLANG_WARN_DOCUMENTATION_COMMENTS = YES;
				CLANG_WARN_EMPTY_BODY = YES;
				CLANG_WARN_ENUM_CONVERSION = YES;
				CLANG_WARN_INFINITE_RECURSION = YES;
				CLANG_WARN_INT_CONVERSION = YES;
				CLANG_WARN_NON_LITERAL_NULL_CONVERSION = YES;
				CLANG_WARN_OBJC_IMPLICIT_RETAIN_SELF = YES;
				CLANG_WARN_OBJC_LITERAL_CONVERSION = YES;
				CLANG_WARN_OBJC_ROOT_CLASS = YES_ERROR;
				CLANG_WARN_QUOTED_INCLUDE_IN_FRAMEWORK_HEADER = YES;
				CLANG_WARN_RANGE_LOOP_ANALYSIS = YES;
				CLANG_WARN_STRICT_PROTOTYPES = YES;
				CLANG_WARN_SUSPICIOUS_MOVE = YES;
				CLANG_WARN_UNGUARDED_AVAILABILITY = YES_AGGRESSIVE;
				CLANG_WARN_UNREACHABLE_CODE = YES;
				CLANG_WARN__DUPLICATE_METHOD_MATCH = YES;
				COPY_PHASE_STRIP = NO;
				CURRENT_PROJECT_VERSION = 1;
				DEBUG_INFORMATION_FORMAT = dwarf;
				ENABLE_STRICT_OBJC_MSGSEND = YES;
				ENABLE_TESTABILITY = YES;
				GCC_C_LANGUAGE_STANDARD = gnu11;
				GCC_DYNAMIC_NO_PIC = NO;
				GCC_NO_COMMON_BLOCKS = YES;
				GCC_OPTIMIZATION_LEVEL = 0;
				GCC_PREPROCESSOR_DEFINITIONS = (
					"DEBUG=1",
					"$(inherited)",
				);
				GCC_WARN_64_TO_32_BIT_CONVERSION = YES;
				GCC_WARN_ABOUT_RETURN_TYPE = YES_ERROR;
				GCC_WARN_UNDECLARED_SELECTOR = YES;
				GCC_WARN_UNINITIALIZED_AUTOS = YES_AGGRESSIVE;
				GCC_WARN_UNUSED_FUNCTION = YES;
				GCC_WARN_UNUSED_VARIABLE = YES;
				IPHONEOS_DEPLOYMENT_TARGET = 15.0;
				MTL_ENABLE_DEBUG_INFO = INCLUDE_SOURCE;
				MTL_FAST_MATH = YES;
				ONLY_ACTIVE_ARCH = YES;
				SDKROOT = iphoneos;
				SWIFT_ACTIVE_COMPILATION_CONDITIONS = DEBUG;
				SWIFT_OPTIMIZATION_LEVEL = "-Onone";
				VERSIONING_SYSTEM = "apple-generic";
				VERSION_INFO_PREFIX = "";
			};
			name = Debug;
		};
		371FA1E727C8F504009BFAD3 /* Release */ = {
			isa = XCBuildConfiguration;
			buildSettings = {
				ALWAYS_SEARCH_USER_PATHS = NO;
				CLANG_ANALYZER_NONNULL = YES;
				CLANG_ANALYZER_NUMBER_OBJECT_CONVERSION = YES_AGGRESSIVE;
				CLANG_CXX_LANGUAGE_STANDARD = "gnu++17";
				CLANG_CXX_LIBRARY = "libc++";
				CLANG_ENABLE_MODULES = YES;
				CLANG_ENABLE_OBJC_ARC = YES;
				CLANG_ENABLE_OBJC_WEAK = YES;
				CLANG_WARN_BLOCK_CAPTURE_AUTORELEASING = YES;
				CLANG_WARN_BOOL_CONVERSION = YES;
				CLANG_WARN_COMMA = YES;
				CLANG_WARN_CONSTANT_CONVERSION = YES;
				CLANG_WARN_DEPRECATED_OBJC_IMPLEMENTATIONS = YES;
				CLANG_WARN_DIRECT_OBJC_ISA_USAGE = YES_ERROR;
				CLANG_WARN_DOCUMENTATION_COMMENTS = YES;
				CLANG_WARN_EMPTY_BODY = YES;
				CLANG_WARN_ENUM_CONVERSION = YES;
				CLANG_WARN_INFINITE_RECURSION = YES;
				CLANG_WARN_INT_CONVERSION = YES;
				CLANG_WARN_NON_LITERAL_NULL_CONVERSION = YES;
				CLANG_WARN_OBJC_IMPLICIT_RETAIN_SELF = YES;
				CLANG_WARN_OBJC_LITERAL_CONVERSION = YES;
				CLANG_WARN_OBJC_ROOT_CLASS = YES_ERROR;
				CLANG_WARN_QUOTED_INCLUDE_IN_FRAMEWORK_HEADER = YES;
				CLANG_WARN_RANGE_LOOP_ANALYSIS = YES;
				CLANG_WARN_STRICT_PROTOTYPES = YES;
				CLANG_WARN_SUSPICIOUS_MOVE = YES;
				CLANG_WARN_UNGUARDED_AVAILABILITY = YES_AGGRESSIVE;
				CLANG_WARN_UNREACHABLE_CODE = YES;
				CLANG_WARN__DUPLICATE_METHOD_MATCH = YES;
				COPY_PHASE_STRIP = NO;
				CURRENT_PROJECT_VERSION = 1;
				DEBUG_INFORMATION_FORMAT = "dwarf-with-dsym";
				ENABLE_NS_ASSERTIONS = NO;
				ENABLE_STRICT_OBJC_MSGSEND = YES;
				GCC_C_LANGUAGE_STANDARD = gnu11;
				GCC_NO_COMMON_BLOCKS = YES;
				GCC_WARN_64_TO_32_BIT_CONVERSION = YES;
				GCC_WARN_ABOUT_RETURN_TYPE = YES_ERROR;
				GCC_WARN_UNDECLARED_SELECTOR = YES;
				GCC_WARN_UNINITIALIZED_AUTOS = YES_AGGRESSIVE;
				GCC_WARN_UNUSED_FUNCTION = YES;
				GCC_WARN_UNUSED_VARIABLE = YES;
				IPHONEOS_DEPLOYMENT_TARGET = 15.0;
				MTL_ENABLE_DEBUG_INFO = NO;
				MTL_FAST_MATH = YES;
				SDKROOT = iphoneos;
				SWIFT_COMPILATION_MODE = wholemodule;
				SWIFT_OPTIMIZATION_LEVEL = "-O";
				VALIDATE_PRODUCT = YES;
				VERSIONING_SYSTEM = "apple-generic";
				VERSION_INFO_PREFIX = "";
			};
			name = Release;
		};
		371FA1E927C8F504009BFAD3 /* Debug */ = {
			isa = XCBuildConfiguration;
			buildSettings = {
				CODE_SIGN_STYLE = Automatic;
				CURRENT_PROJECT_VERSION = 1;
				DEFINES_MODULE = YES;
				DEVELOPMENT_TEAM = FLUF4SMKRR;
				DYLIB_COMPATIBILITY_VERSION = 1;
				DYLIB_CURRENT_VERSION = 1;
				DYLIB_INSTALL_NAME_BASE = "@rpath";
				GENERATE_INFOPLIST_FILE = YES;
				INFOPLIST_KEY_NSHumanReadableCopyright = "";
				INSTALL_PATH = "$(LOCAL_LIBRARY_DIR)/Frameworks";
				LD_RUNPATH_SEARCH_PATHS = (
					"$(inherited)",
					"@executable_path/Frameworks",
					"@loader_path/Frameworks",
				);
				MARKETING_VERSION = 1.0;
				PRODUCT_BUNDLE_IDENTIFIER = com.aysenurbakirci.FoodPoolKit;
				PRODUCT_NAME = "$(TARGET_NAME:c99extidentifier)";
				SKIP_INSTALL = YES;
				SWIFT_EMIT_LOC_STRINGS = YES;
				SWIFT_VERSION = 5.0;
				TARGETED_DEVICE_FAMILY = "1,2";
			};
			name = Debug;
		};
		371FA1EA27C8F504009BFAD3 /* Release */ = {
			isa = XCBuildConfiguration;
			buildSettings = {
				CODE_SIGN_STYLE = Automatic;
				CURRENT_PROJECT_VERSION = 1;
				DEFINES_MODULE = YES;
				DEVELOPMENT_TEAM = FLUF4SMKRR;
				DYLIB_COMPATIBILITY_VERSION = 1;
				DYLIB_CURRENT_VERSION = 1;
				DYLIB_INSTALL_NAME_BASE = "@rpath";
				GENERATE_INFOPLIST_FILE = YES;
				INFOPLIST_KEY_NSHumanReadableCopyright = "";
				INSTALL_PATH = "$(LOCAL_LIBRARY_DIR)/Frameworks";
				LD_RUNPATH_SEARCH_PATHS = (
					"$(inherited)",
					"@executable_path/Frameworks",
					"@loader_path/Frameworks",
				);
				MARKETING_VERSION = 1.0;
				PRODUCT_BUNDLE_IDENTIFIER = com.aysenurbakirci.FoodPoolKit;
				PRODUCT_NAME = "$(TARGET_NAME:c99extidentifier)";
				SKIP_INSTALL = YES;
				SWIFT_EMIT_LOC_STRINGS = YES;
				SWIFT_VERSION = 5.0;
				TARGETED_DEVICE_FAMILY = "1,2";
			};
			name = Release;
		};
/* End XCBuildConfiguration section */

/* Begin XCConfigurationList section */
		371FA1D927C8F504009BFAD3 /* Build configuration list for PBXProject "FoodPoolKit" */ = {
			isa = XCConfigurationList;
			buildConfigurations = (
				371FA1E627C8F504009BFAD3 /* Debug */,
				371FA1E727C8F504009BFAD3 /* Release */,
			);
			defaultConfigurationIsVisible = 0;
			defaultConfigurationName = Release;
		};
		371FA1E827C8F504009BFAD3 /* Build configuration list for PBXNativeTarget "FoodPoolKit" */ = {
			isa = XCConfigurationList;
			buildConfigurations = (
				371FA1E927C8F504009BFAD3 /* Debug */,
				371FA1EA27C8F504009BFAD3 /* Release */,
			);
			defaultConfigurationIsVisible = 0;
			defaultConfigurationName = Release;
		};
/* End XCConfigurationList section */

/* Begin XCRemoteSwiftPackageReference section */
		246D56D527CF5BC0003331EE /* XCRemoteSwiftPackageReference "AutoLayoutHelper" */ = {
			isa = XCRemoteSwiftPackageReference;
			repositoryURL = "git@github.com:aysenurbakirci/AutoLayoutHelper.git";
			requirement = {
				kind = revision;
				revision = 7ef0ca5b4a3b0b02bd387a46a64294f17e8d7996;
			};
		};
		2498C7AE27D7E1290014D9FD /* XCRemoteSwiftPackageReference "LayoutKit" */ = {
			isa = XCRemoteSwiftPackageReference;
			repositoryURL = "git@github.com:aysenurbakirci/LayoutKit.git";
			requirement = {
				kind = revision;
				revision = d7c5489fdc6d08a2cf8bdcd8de728136369d573b;
			};
		};
/* End XCRemoteSwiftPackageReference section */

/* Begin XCSwiftPackageProductDependency section */
		246D56D627CF5BC0003331EE /* AutoLayoutHelper */ = {
			isa = XCSwiftPackageProductDependency;
			package = 246D56D527CF5BC0003331EE /* XCRemoteSwiftPackageReference "AutoLayoutHelper" */;
			productName = AutoLayoutHelper;
		};
		2498C7AF27D7E1290014D9FD /* LayoutKit */ = {
			isa = XCSwiftPackageProductDependency;
			package = 2498C7AE27D7E1290014D9FD /* XCRemoteSwiftPackageReference "LayoutKit" */;
			productName = LayoutKit;
		};
/* End XCSwiftPackageProductDependency section */
	};
	rootObject = 371FA1D627C8F504009BFAD3 /* Project object */;
}
